
Microsoft Visual Studio Solution File, Format Version 12.00
# Visual Studio Version 18
VisualStudioVersion = 18.0.11111.16
MinimumVisualStudioVersion = 10.0.40219.1
Project("{2150E333-8FDC-42A3-9474-1A3956D46DE8}") = "src", "src", "{6F9AB1CA-E743-48D8-8D6F-685601F9CDF8}"
EndProject
Project("{2150E333-8FDC-42A3-9474-1A3956D46DE8}") = "samples", "samples", "{5AFD5513-7159-4350-8178-38DC57845CC6}"
EndProject
Project("{FAE04EC0-301F-11D3-BF4B-00C04F79EFBC}") = "LinkupSdk.Console.Example", "samples\LinkupSdk.Console.Example\LinkupSdk.Console.Example.csproj", "{3F290B95-543C-40E9-8EF2-54A700B06758}"
EndProject
Project("{FAE04EC0-301F-11D3-BF4B-00C04F79EFBC}") = "LinkupSdk.AITools.Example", "samples\LinkupSdk.AITools.Example\LinkupSdk.AITools.Example.csproj", "{CF74E314-80BB-4813-8D05-644E253CAC4D}"
EndProject
Project("{FAE04EC0-301F-11D3-BF4B-00C04F79EFBC}") = "LinkupSdk", "src\LinkupSdk.csproj", "{D686A60E-5F44-F0DC-79FA-B76612DFD2C9}"
EndProject
Global
	GlobalSection(SolutionConfigurationPlatforms) = preSolution
		Debug|Any CPU = Debug|Any CPU
		Release|Any CPU = Release|Any CPU
	EndGlobalSection
	GlobalSection(ProjectConfigurationPlatforms) = postSolution
		{3F290B95-543C-40E9-8EF2-54A700B06758}.Debug|Any CPU.ActiveCfg = Debug|Any CPU
		{3F290B95-543C-40E9-8EF2-54A700B06758}.Debug|Any CPU.Build.0 = Debug|Any CPU
		{3F290B95-543C-40E9-8EF2-54A700B06758}.Release|Any CPU.ActiveCfg = Release|Any CPU
		{3F290B95-543C-40E9-8EF2-54A700B06758}.Release|Any CPU.Build.0 = Release|Any CPU
		{CF74E314-80BB-4813-8D05-644E253CAC4D}.Debug|Any CPU.ActiveCfg = Debug|Any CPU
		{CF74E314-80BB-4813-8D05-644E253CAC4D}.Debug|Any CPU.Build.0 = Debug|Any CPU
		{CF74E314-80BB-4813-8D05-644E253CAC4D}.Release|Any CPU.ActiveCfg = Release|Any CPU
		{CF74E314-80BB-4813-8D05-644E253CAC4D}.Release|Any CPU.Build.0 = Release|Any CPU
		{D686A60E-5F44-F0DC-79FA-B76612DFD2C9}.Debug|Any CPU.ActiveCfg = Debug|Any CPU
		{D686A60E-5F44-F0DC-79FA-B76612DFD2C9}.Debug|Any CPU.Build.0 = Debug|Any CPU
		{D686A60E-5F44-F0DC-79FA-B76612DFD2C9}.Release|Any CPU.ActiveCfg = Release|Any CPU
		{D686A60E-5F44-F0DC-79FA-B76612DFD2C9}.Release|Any CPU.Build.0 = Release|Any CPU
	EndGlobalSection
	GlobalSection(SolutionProperties) = preSolution
		HideSolutionNode = FALSE
	EndGlobalSection
	GlobalSection(NestedProjects) = preSolution
		{3F290B95-543C-40E9-8EF2-54A700B06758} = {5AFD5513-7159-4350-8178-38DC57845CC6}
		{CF74E314-80BB-4813-8D05-644E253CAC4D} = {5AFD5513-7159-4350-8178-38DC57845CC6}
		{D686A60E-5F44-F0DC-79FA-B76612DFD2C9} = {6F9AB1CA-E743-48D8-8D6F-685601F9CDF8}
	EndGlobalSection
	GlobalSection(ExtensibilityGlobals) = postSolution
		SolutionGuid = {9BFD2A7B-C954-4907-B224-33BFFA7136DF}
	EndGlobalSection
EndGlobal
